{
  "version": 4,
  "terraform_version": "1.0.11",
  "serial": 9,
  "lineage": "66d8cda6-4147-e071-db14-7532af1bc23e",
  "outputs": {},
  "resources": [
    {
      "module": "module.s3_backend",
      "mode": "managed",
      "type": "aws_s3_bucket",
      "name": "build-artifacts",
      "provider": "provider[\"registry.terraform.io/hashicorp/aws\"]",
      "instances": [
        {
          "schema_version": 0,
          "attributes": {
            "acceleration_status": "",
            "acl": "private",
            "arn": "arn:aws:s3:::devops-build-artifacts-eu-west-2",
            "bucket": "devops-build-artifacts-eu-west-2",
            "bucket_domain_name": "devops-build-artifacts-eu-west-2.s3.amazonaws.com",
            "bucket_prefix": null,
            "bucket_regional_domain_name": "devops-build-artifacts-eu-west-2.s3.eu-west-2.amazonaws.com",
            "cors_rule": [],
            "force_destroy": false,
            "grant": [],
            "hosted_zone_id": "Z3GKZC51ZF0DB4",
            "id": "devops-build-artifacts-eu-west-2",
            "lifecycle_rule": [],
            "logging": [],
            "object_lock_configuration": [],
            "policy": null,
            "region": "eu-west-2",
            "replication_configuration": [],
            "request_payer": "BucketOwner",
            "server_side_encryption_configuration": [],
            "tags": null,
            "tags_all": {},
            "versioning": [
              {
                "enabled": false,
                "mfa_delete": false
              }
            ],
            "website": [],
            "website_domain": null,
            "website_endpoint": null
          },
          "sensitive_attributes": [],
          "private": "bnVsbA=="
        }
      ]
    },
    {
      "module": "module.s3_backend",
      "mode": "managed",
      "type": "aws_s3_bucket_policy",
      "name": "build-artifacts-policy",
      "provider": "provider[\"registry.terraform.io/hashicorp/aws\"]",
      "instances": [
        {
          "schema_version": 0,
          "attributes": {
            "bucket": "devops-build-artifacts-eu-west-2",
            "id": "devops-build-artifacts-eu-west-2",
            "policy": "{\"Id\":\"AllowBucketAccess\",\"Statement\":[{\"Action\":[\"s3:DeleteBucket\",\"s3:DeleteBucketPolicy\",\"s3:DeleteObject\",\"s3:DeleteObjectTagging\",\"s3:GetBucketAcl\",\"s3:GetBucketPolicy\",\"s3:GetBucketTagging\",\"s3:GetObject\",\"s3:GetObjectAcl\",\"s3:GetObjectTagging\",\"s3:ListBucket\",\"s3:PutBucketAcl\",\"s3:PutBucketPolicy\",\"s3:PutObject\",\"s3:PutObjectAcl\"],\"Effect\":\"Allow\",\"Principal\":{\"AWS\":[\"arn:aws:iam::607160776561:user/devops\"]},\"Resource\":[\"arn:aws:s3:::devops-build-artifacts-eu-west-2\",\"arn:aws:s3:::devops-build-artifacts-eu-west-2/*\"],\"Sid\":\"DevopsUserAccess\"}],\"Version\":\"2012-10-17\"}"
          },
          "sensitive_attributes": [],
          "private": "bnVsbA==",
          "dependencies": [
            "module.s3_backend.aws_s3_bucket.build-artifacts"
          ]
        }
      ]
    }
  ]
}
